
Microsoft Visual Studio Solution File, Format Version 12.00
# Visual Studio 15
VisualStudioVersion = 15.0.28307.779
MinimumVisualStudioVersion = 10.0.40219.1
Project("{9A19103F-16F7-4668-BE54-9A1E7A4F7556}") = "iNeedTickets", "iNeedTickets\iNeedTickets.csproj", "{FC2187ED-2446-4111-A098-0A0A7F31E72B}"
EndProject
Project("{9A19103F-16F7-4668-BE54-9A1E7A4F7556}") = "iNeedTickets.API", "iNeedTickets.API\iNeedTickets.API.csproj", "{76B37A53-0B93-40E9-8904-377462062225}"
EndProject
Project("{9A19103F-16F7-4668-BE54-9A1E7A4F7556}") = "iNeedTickets.Scanner.API", "iNeedTickets.Scanner.API\iNeedTickets.Scanner.API.csproj", "{24A4AE51-15D7-4BEA-92CD-B400BFE5E0A8}"
EndProject
Global
	GlobalSection(SolutionConfigurationPlatforms) = preSolution
		Debug|Any CPU = Debug|Any CPU
		Release|Any CPU = Release|Any CPU
	EndGlobalSection
	GlobalSection(ProjectConfigurationPlatforms) = postSolution
		{FC2187ED-2446-4111-A098-0A0A7F31E72B}.Debug|Any CPU.ActiveCfg = Debug|Any CPU
		{FC2187ED-2446-4111-A098-0A0A7F31E72B}.Debug|Any CPU.Build.0 = Debug|Any CPU
		{FC2187ED-2446-4111-A098-0A0A7F31E72B}.Release|Any CPU.ActiveCfg = Release|Any CPU
		{FC2187ED-2446-4111-A098-0A0A7F31E72B}.Release|Any CPU.Build.0 = Release|Any CPU
		{76B37A53-0B93-40E9-8904-377462062225}.Debug|Any CPU.ActiveCfg = Debug|Any CPU
		{76B37A53-0B93-40E9-8904-377462062225}.Debug|Any CPU.Build.0 = Debug|Any CPU
		{76B37A53-0B93-40E9-8904-377462062225}.Release|Any CPU.ActiveCfg = Release|Any CPU
		{76B37A53-0B93-40E9-8904-377462062225}.Release|Any CPU.Build.0 = Release|Any CPU
		{24A4AE51-15D7-4BEA-92CD-B400BFE5E0A8}.Debug|Any CPU.ActiveCfg = Debug|Any CPU
		{24A4AE51-15D7-4BEA-92CD-B400BFE5E0A8}.Debug|Any CPU.Build.0 = Debug|Any CPU
		{24A4AE51-15D7-4BEA-92CD-B400BFE5E0A8}.Release|Any CPU.ActiveCfg = Release|Any CPU
		{24A4AE51-15D7-4BEA-92CD-B400BFE5E0A8}.Release|Any CPU.Build.0 = Release|Any CPU
	EndGlobalSection
	GlobalSection(SolutionProperties) = preSolution
		HideSolutionNode = FALSE
	EndGlobalSection
	GlobalSection(ExtensibilityGlobals) = postSolution
		SolutionGuid = {3256625B-B324-4A4D-A154-8DC9B0EF5673}
	EndGlobalSection
EndGlobal
